{
  "name": "pears",
  "lockfileVersion": 3,
  "requires": true,
  "packages": {
    "": {
      "name": "pears",
      "license": "Apache-2.0",
      "dependencies": {
        "@hyperswarm/rpc": "^3.3.2",
        "b4a": "^1.6.6",
        "bare-process": "^2.2.0",
        "bare-readline": "^1.0.5",
        "bare-tty": "^3.4.0",
        "hypercore": "^10.37.8",
        "hypercore-crypto": "^3.4.2",
        "hyperdht": "^6.15.1",
        "hyperswarm": "^4.7.15",
        "pear": "^1.0.6"
      },
      "devDependencies": {
        "@types/b4a": "^1.6.4"
      }
    },
    "node_modules/@hyperswarm/rpc": {
      "version": "3.3.2",
      "license": "Apache-2.0",
      "dependencies": {
        "b4a": "^1.6.4",
        "hyperdht": "^6.6.0",
        "protomux-rpc": "^1.3.0"
      },
      "optionalDependencies": {
        "bare-events": "^2.2.0"
      }
    },
    "node_modules/@hyperswarm/secret-stream": {
      "version": "6.6.0",
      "license": "Apache-2.0",
      "dependencies": {
        "b4a": "^1.1.0",
        "hypercore-crypto": "^3.3.1",
        "noise-curve-ed": "^2.0.1",
        "noise-handshake": "^3.0.2",
        "sodium-secretstream": "^1.1.0",
        "sodium-universal": "^4.0.0",
        "streamx": "^2.14.0",
        "timeout-refresh": "^2.0.0"
      }
    },
    "node_modules/@types/b4a": {
      "version": "1.6.4",
      "dev": true,
      "license": "MIT",
      "dependencies": {
        "@types/node": "*"
      }
    },
    "node_modules/@types/node": {
      "version": "20.14.9",
      "dev": true,
      "license": "MIT",
      "dependencies": {
        "undici-types": "~5.26.4"
      }
    },
    "node_modules/b4a": {
      "version": "1.6.6",
      "resolved": "https://registry.npmjs.org/b4a/-/b4a-1.6.6.tgz",
      "integrity": "sha512-5Tk1HLk6b6ctmjIkAcU/Ujv/1WqiDl0F0JdRCR80VsOcUlHcu7pWeWRlOqQLHfDEsVx9YH/aif5AG4ehoCtTmg=="
    },
    "node_modules/bare-ansi-escapes": {
      "version": "2.2.2",
      "license": "Apache-2.0",
      "dependencies": {
        "bare-stream": "^2.0.0"
      }
    },
    "node_modules/bare-bundle": {
      "version": "1.2.0",
      "license": "Apache-2.0",
      "dependencies": {
        "b4a": "^1.6.4"
      }
    },
    "node_modules/bare-env": {
      "version": "2.1.0",
      "license": "Apache-2.0",
      "dependencies": {
        "bare-os": "^2.1.0"
      }
    },
    "node_modules/bare-events": {
      "version": "2.4.2",
      "license": "Apache-2.0"
    },
    "node_modules/bare-fs": {
      "version": "2.3.1",
      "license": "Apache-2.0",
      "optional": true,
      "dependencies": {
        "bare-events": "^2.0.0",
        "bare-path": "^2.0.0",
        "bare-stream": "^2.0.0"
      }
    },
    "node_modules/bare-hrtime": {
      "version": "2.0.5",
      "license": "Apache-2.0"
    },
    "node_modules/bare-module-resolve": {
      "version": "1.6.1",
      "license": "Apache-2.0",
      "dependencies": {
        "semver": "^7.6.0"
      }
    },
    "node_modules/bare-os": {
      "version": "2.4.0",
      "license": "Apache-2.0"
    },
    "node_modules/bare-path": {
      "version": "2.1.3",
      "license": "Apache-2.0",
      "optional": true,
      "dependencies": {
        "bare-os": "^2.1.0"
      }
    },
    "node_modules/bare-pipe": {
      "version": "3.3.2",
      "license": "Apache-2.0",
      "dependencies": {
        "bare-events": "^2.0.0",
        "bare-stream": "^2.0.0"
      }
    },
    "node_modules/bare-process": {
      "version": "2.2.0",
      "license": "Apache-2.0",
      "dependencies": {
        "bare-env": "^2.0.0",
        "bare-events": "^2.3.1",
        "bare-hrtime": "^2.0.0",
        "bare-os": "^2.4.0",
        "bare-pipe": "^3.1.0",
        "bare-signals": "^2.2.0",
        "bare-tty": "^3.1.0"
      }
    },
    "node_modules/bare-readline": {
      "version": "1.0.5",
      "license": "Apache-2.0",
      "dependencies": {
        "bare-ansi-escapes": "^2.0.0",
        "bare-stream": "^2.0.0"
      }
    },
    "node_modules/bare-signals": {
      "version": "2.2.1",
      "license": "Apache-2.0",
      "dependencies": {
        "bare-events": "^2.0.0",
        "bare-os": "^2.0.0"
      }
    },
    "node_modules/bare-stream": {
      "version": "2.1.3",
      "license": "Apache-2.0",
      "dependencies": {
        "streamx": "^2.18.0"
      }
    },
    "node_modules/bare-tty": {
      "version": "3.4.0",
      "license": "Apache-2.0",
      "dependencies": {
        "bare-events": "^2.2.0",
        "bare-signals": "^2.2.0",
        "bare-stream": "^2.0.0"
      }
    },
    "node_modules/big-sparse-array": {
      "version": "1.0.3",
      "license": "MIT"
    },
    "node_modules/binary-stream-equals": {
      "version": "1.0.0",
      "license": "MIT",
      "dependencies": {
        "b4a": "^1.3.1"
      }
    },
    "node_modules/bits-to-bytes": {
      "version": "1.3.0",
      "license": "ISC",
      "dependencies": {
        "b4a": "^1.5.0"
      }
    },
    "node_modules/blind-relay": {
      "version": "1.3.3",
      "license": "Apache-2.0",
      "dependencies": {
        "b4a": "^1.6.4",
        "bare-events": "^2.2.0",
        "bits-to-bytes": "^1.3.0",
        "compact-encoding": "^2.12.0",
        "compact-encoding-bitfield": "^1.0.0",
        "hypertrace": "^1.4.1",
        "protomux": "^3.5.1",
        "sodium-universal": "^4.0.0",
        "streamx": "^2.15.1"
      }
    },
    "node_modules/bogon": {
      "version": "1.1.0",
      "license": "MIT",
      "dependencies": {
        "compact-encoding": "^2.11.0",
        "compact-encoding-net": "^1.2.0"
      }
    },
    "node_modules/cjs-module-lexer": {
      "version": "1.3.1",
      "license": "MIT"
    },
    "node_modules/codecs": {
      "version": "3.1.0",
      "license": "MIT",
      "dependencies": {
        "b4a": "^1.6.3"
      }
    },
    "node_modules/compact-encoding": {
      "version": "2.15.0",
      "license": "Apache-2.0",
      "dependencies": {
        "b4a": "^1.3.0"
      }
    },
    "node_modules/compact-encoding-bitfield": {
      "version": "1.0.0",
      "license": "ISC",
      "dependencies": {
        "compact-encoding": "^2.4.1"
      }
    },
    "node_modules/compact-encoding-net": {
      "version": "1.2.0",
      "license": "ISC",
      "dependencies": {
        "compact-encoding": "^2.4.1"
      }
    },
    "node_modules/corestore": {
      "version": "6.18.2",
      "license": "MIT",
      "dependencies": {
        "b4a": "^1.6.4",
        "hypercore": "^10.32.3",
        "hypercore-crypto": "^3.4.0",
        "hypercore-id-encoding": "^1.2.0",
        "read-write-mutexify": "^2.1.0",
        "ready-resource": "^1.0.0",
        "safety-catch": "^1.0.1",
        "sodium-universal": "^4.0.0",
        "xache": "^1.1.0"
      }
    },
    "node_modules/crc-native": {
      "version": "1.0.11",
      "hasInstallScript": true,
      "license": "Apache-2.0",
      "optional": true,
      "dependencies": {
        "napi-macros": "^2.0.0",
        "node-gyp-build": "^4.2.3"
      }
    },
    "node_modules/crc-universal": {
      "version": "1.0.4",
      "license": "ISC",
      "optionalDependencies": {
        "crc-native": "^1.0.3"
      }
    },
    "node_modules/debounceify": {
      "version": "1.1.0",
      "license": "MIT"
    },
    "node_modules/debugging-stream": {
      "version": "2.0.0",
      "license": "MIT",
      "dependencies": {
        "streamx": "^2.12.4"
      }
    },
    "node_modules/dependency-stream": {
      "version": "2.0.1",
      "license": "Apache-2.0",
      "dependencies": {
        "b4a": "^1.6.4",
        "bare-module-resolve": "^1.4.4",
        "sloppy-module-parser": "^2.0.0",
        "streamx": "^2.15.6"
      }
    },
    "node_modules/dht-rpc": {
      "version": "6.11.3",
      "license": "MIT",
      "dependencies": {
        "b4a": "^1.6.1",
        "bare-events": "^2.2.0",
        "compact-encoding": "^2.11.0",
        "compact-encoding-net": "^1.2.0",
        "fast-fifo": "^1.1.0",
        "kademlia-routing-table": "^1.0.1",
        "nat-sampler": "^1.0.1",
        "sodium-universal": "^4.0.0",
        "streamx": "^2.13.2",
        "time-ordered-set": "^1.0.2",
        "udx-native": "^1.5.3"
      }
    },
    "node_modules/drive-bundler": {
      "version": "1.4.4",
      "license": "Apache-2.0",
      "dependencies": {
        "b4a": "^1.6.6",
        "dependency-stream": "^2.0.0",
        "mutexify": "^1.4.0",
        "sodium-native": "^4.0.0",
        "url-file-url": "^1.0.1"
      },
      "optionalDependencies": {
        "bare-fs": "^2.1.1",
        "bare-path": "^2.1.0"
      }
    },
    "node_modules/es-module-lexer": {
      "version": "1.5.4",
      "license": "MIT"
    },
    "node_modules/fast-fifo": {
      "version": "1.3.2",
      "license": "MIT"
    },
    "node_modules/flat-tree": {
      "version": "1.10.0",
      "license": "MIT"
    },
    "node_modules/fs-native-extensions": {
      "version": "1.2.7",
      "hasInstallScript": true,
      "license": "Apache-2.0",
      "dependencies": {
        "napi-macros": "^2.0.0",
        "node-gyp-build": "^4.2.3"
      }
    },
    "node_modules/hyperbee": {
      "version": "2.19.7",
      "license": "MIT",
      "dependencies": {
        "b4a": "^1.6.0",
        "codecs": "^3.0.0",
        "debounceify": "^1.0.0",
        "hypercore-errors": "^1.0.0",
        "mutexify": "^1.4.0",
        "protocol-buffers-encodings": "^1.2.0",
        "ready-resource": "^1.0.0",
        "safety-catch": "^1.0.2",
        "streamx": "^2.12.4",
        "unslab": "^1.2.0",
        "xache": "^1.2.1"
      }
    },
    "node_modules/hyperblobs": {
      "version": "2.4.0",
      "license": "Apache-2.0",
      "dependencies": {
        "b4a": "^1.6.1",
        "hypercore-errors": "^1.1.1",
        "mutexify": "^1.4.0",
        "streamx": "^2.13.2"
      }
    },
    "node_modules/hypercore": {
      "version": "10.37.8",
      "license": "MIT",
      "dependencies": {
        "@hyperswarm/secret-stream": "^6.0.0",
        "b4a": "^1.1.0",
        "bare-events": "^2.2.0",
        "big-sparse-array": "^1.0.3",
        "compact-encoding": "^2.11.0",
        "crc-universal": "^1.0.2",
        "fast-fifo": "^1.3.0",
        "flat-tree": "^1.9.0",
        "hypercore-crypto": "^3.2.1",
        "hypercore-errors": "^1.2.0",
        "hypercore-id-encoding": "^1.2.0",
        "hypertrace": "^1.2.1",
        "is-options": "^1.0.1",
        "protomux": "^3.5.0",
        "quickbit-universal": "^2.2.0",
        "random-access-file": "^4.0.0",
        "random-array-iterator": "^1.0.0",
        "safety-catch": "^1.0.1",
        "sodium-universal": "^4.0.0",
        "streamx": "^2.12.4",
        "unslab": "^1.0.0",
        "xache": "^1.1.0",
        "z32": "^1.0.0"
      }
    },
    "node_modules/hypercore-crypto": {
      "version": "3.4.2",
      "license": "MIT",
      "dependencies": {
        "b4a": "^1.6.6",
        "compact-encoding": "^2.15.0",
        "sodium-universal": "^4.0.1"
      }
    },
    "node_modules/hypercore-errors": {
      "version": "1.2.0",
      "license": "Apache-2.0"
    },
    "node_modules/hypercore-id-encoding": {
      "version": "1.3.0",
      "license": "Apache-2.0",
      "dependencies": {
        "b4a": "^1.5.3",
        "z32": "^1.0.0"
      }
    },
    "node_modules/hyperdht": {
      "version": "6.15.1",
      "license": "MIT",
      "dependencies": {
        "@hyperswarm/secret-stream": "^6.4.0",
        "b4a": "^1.3.1",
        "bare-events": "^2.2.0",
        "blind-relay": "^1.3.0",
        "bogon": "^1.0.0",
        "compact-encoding": "^2.4.1",
        "compact-encoding-net": "^1.0.1",
        "debugging-stream": "^2.0.0",
        "dht-rpc": "^6.11.3",
        "hypercore-crypto": "^3.3.0",
        "hypercore-id-encoding": "^1.2.0",
        "hypertrace": "^1.3.0",
        "noise-curve-ed": "^2.0.0",
        "noise-handshake": "^3.0.0",
        "record-cache": "^1.1.1",
        "safety-catch": "^1.0.1",
        "signal-promise": "^1.0.3",
        "sodium-universal": "^4.0.0",
        "streamx": "^2.16.1",
        "xache": "^1.1.0"
      },
      "bin": {
        "hyperdht": "bin.js"
      }
    },
    "node_modules/hyperdrive": {
      "version": "11.8.1",
      "license": "Apache-2.0",
      "dependencies": {
        "hyperbee": "^2.11.1",
        "hyperblobs": "^2.3.0",
        "hypercore": "^10.33.0",
        "hypercore-errors": "^1.0.0",
        "is-options": "^1.0.2",
        "mirror-drive": "^1.2.0",
        "ready-resource": "^1.0.0",
        "safety-catch": "^1.0.2",
        "streamx": "^2.12.4",
        "sub-encoder": "^2.1.1",
        "unix-path-resolve": "^1.0.2"
      }
    },
    "node_modules/hyperswarm": {
      "version": "4.8.0",
      "license": "MIT",
      "dependencies": {
        "b4a": "^1.3.1",
        "bare-events": "^2.2.0",
        "hyperdht": "^6.11.0",
        "safety-catch": "^1.0.2",
        "shuffled-priority-queue": "^2.1.0"
      }
    },
    "node_modules/hypertrace": {
      "version": "1.4.2",
      "license": "Apache-2.0"
    },
    "node_modules/is-options": {
      "version": "1.0.2",
      "license": "MIT",
      "dependencies": {
        "b4a": "^1.1.1"
      }
    },
    "node_modules/kademlia-routing-table": {
      "version": "1.0.3",
      "license": "MIT",
      "dependencies": {
        "bare-events": "^2.2.0"
      }
    },
    "node_modules/localdrive": {
      "version": "1.11.4",
      "license": "Apache-2.0",
      "dependencies": {
        "b4a": "^1.6.1",
        "mirror-drive": "^1.2.0",
        "mutexify": "^1.4.0",
        "streamx": "^2.12.5",
        "unix-path-resolve": "^1.0.2"
      },
      "optionalDependencies": {
        "bare-fs": "^2.1.1",
        "bare-path": "^2.1.0"
      }
    },
    "node_modules/mirror-drive": {
      "version": "1.3.1",
      "license": "Apache-2.0",
      "dependencies": {
        "binary-stream-equals": "^1.0.0",
        "same-data": "^1.0.0"
      }
    },
    "node_modules/mutexify": {
      "version": "1.4.0",
      "license": "MIT",
      "dependencies": {
        "queue-tick": "^1.0.0"
      }
    },
    "node_modules/nanoassert": {
      "version": "2.0.0",
      "license": "ISC"
    },
    "node_modules/napi-macros": {
      "version": "2.2.2",
      "license": "MIT"
    },
    "node_modules/nat-sampler": {
      "version": "1.0.1",
      "license": "MIT"
    },
    "node_modules/node-gyp-build": {
      "version": "4.8.1",
      "license": "MIT",
      "bin": {
        "node-gyp-build": "bin.js",
        "node-gyp-build-optional": "optional.js",
        "node-gyp-build-test": "build-test.js"
      }
    },
    "node_modules/noise-curve-ed": {
      "version": "2.0.1",
      "license": "ISC",
      "dependencies": {
        "b4a": "^1.1.0",
        "nanoassert": "^2.0.0",
        "sodium-universal": "^4.0.0"
      }
    },
    "node_modules/noise-handshake": {
      "version": "3.1.0",
      "license": "ISC",
      "dependencies": {
        "b4a": "^1.1.0",
        "nanoassert": "^2.0.0",
        "sodium-universal": "^4.0.0"
      }
    },
    "node_modules/pear": {
      "version": "1.0.6",
      "license": "Apache-2.0",
      "dependencies": {
        "hypercore": "^10.32.8",
        "hypercore-id-encoding": "^1.2.0",
        "pear-updater-bootstrap": "^1.0.1",
        "which-runtime": "^1.2.0"
      },
      "bin": {
        "pear": "pear.js"
      }
    },
    "node_modules/pear-updater": {
      "version": "3.1.0",
      "license": "Apache-2.0",
      "dependencies": {
        "bare-bundle": "^1.1.2",
        "compact-encoding": "^2.15.0",
        "drive-bundler": "^1.3.2",
        "fs-native-extensions": "^1.2.0",
        "localdrive": "^1.9.0",
        "read-write-mutexify": "^2.1.0",
        "ready-resource": "^1.0.0",
        "safety-catch": "^1.0.2",
        "streamx": "^2.15.0"
      },
      "optionalDependencies": {
        "bare-fs": "^2.1.1",
        "bare-path": "^2.1.0"
      }
    },
    "node_modules/pear-updater-bootstrap": {
      "version": "1.1.3",
      "license": "Apache-2.0",
      "dependencies": {
        "corestore": "^6.16.2",
        "hypercore-id-encoding": "^1.2.0",
        "hyperdrive": "^11.6.3",
        "hyperswarm": "^4.7.14",
        "pear-updater": "^3.0.1"
      },
      "bin": {
        "pear-updater-bootstrap": "bin.js"
      },
      "optionalDependencies": {
        "bare-path": "^2.1.0"
      }
    },
    "node_modules/protocol-buffers-encodings": {
      "version": "1.2.0",
      "license": "MIT",
      "dependencies": {
        "b4a": "^1.6.0",
        "signed-varint": "^2.0.1",
        "varint": "5.0.0"
      }
    },
    "node_modules/protomux": {
      "version": "3.8.1",
      "license": "MIT",
      "dependencies": {
        "b4a": "^1.3.1",
        "compact-encoding": "^2.5.1",
        "hypertrace": "^1.4.2",
        "queue-tick": "^1.0.0",
        "safety-catch": "^1.0.1"
      }
    },
    "node_modules/protomux-rpc": {
      "version": "1.5.2",
      "license": "Apache-2.0",
      "dependencies": {
        "bits-to-bytes": "^1.0.0",
        "compact-encoding": "^2.6.1",
        "compact-encoding-bitfield": "^1.0.0",
        "protomux": "^3.2.1",
        "safety-catch": "^1.0.2"
      },
      "optionalDependencies": {
        "bare-events": "^2.2.0"
      }
    },
    "node_modules/queue-tick": {
      "version": "1.0.1",
      "license": "MIT"
    },
    "node_modules/quickbit-native": {
      "version": "2.2.7",
      "hasInstallScript": true,
      "license": "Apache-2.0",
      "optional": true,
      "dependencies": {
        "b4a": "^1.6.0",
        "napi-macros": "^2.0.0",
        "node-gyp-build": "^4.2.3"
      }
    },
    "node_modules/quickbit-universal": {
      "version": "2.2.0",
      "license": "ISC",
      "dependencies": {
        "b4a": "^1.6.0",
        "simdle-universal": "^1.1.0"
      },
      "optionalDependencies": {
        "quickbit-native": "^2.2.0"
      }
    },
    "node_modules/random-access-file": {
      "version": "4.0.7",
      "license": "MIT",
      "dependencies": {
        "random-access-storage": "^3.0.0"
      },
      "optionalDependencies": {
        "bare-fs": "^2.1.1",
        "bare-path": "^2.1.0",
        "fs-native-extensions": "^1.1.0"
      }
    },
    "node_modules/random-access-storage": {
      "version": "3.0.2",
      "license": "MIT",
      "dependencies": {
        "bare-events": "^2.2.0",
        "queue-tick": "^1.0.0"
      }
    },
    "node_modules/random-array-iterator": {
      "version": "1.0.0",
      "license": "MIT"
    },
    "node_modules/read-write-mutexify": {
      "version": "2.1.0",
      "license": "MIT"
    },
    "node_modules/ready-resource": {
      "version": "1.1.1",
      "license": "MIT",
      "dependencies": {
        "bare-events": "^2.2.0"
      }
    },
    "node_modules/record-cache": {
      "version": "1.2.0",
      "license": "MIT",
      "dependencies": {
        "b4a": "^1.3.1"
      }
    },
    "node_modules/safety-catch": {
      "version": "1.0.2",
      "license": "MIT"
    },
    "node_modules/same-data": {
      "version": "1.0.0",
      "license": "MIT"
    },
    "node_modules/semver": {
      "version": "7.6.2",
      "license": "ISC",
      "bin": {
        "semver": "bin/semver.js"
      },
      "engines": {
        "node": ">=10"
      }
    },
    "node_modules/shuffled-priority-queue": {
      "version": "2.1.0",
      "license": "MIT",
      "dependencies": {
        "unordered-set": "^2.0.1"
      }
    },
    "node_modules/signal-promise": {
      "version": "1.0.3",
      "license": "MIT"
    },
    "node_modules/signed-varint": {
      "version": "2.0.1",
      "license": "MIT",
      "dependencies": {
        "varint": "~5.0.0"
      }
    },
    "node_modules/simdle-native": {
      "version": "1.2.6",
      "hasInstallScript": true,
      "license": "Apache-2.0",
      "optional": true,
      "dependencies": {
        "b4a": "^1.6.0",
        "napi-macros": "^2.0.0",
        "node-gyp-build": "^4.2.3"
      }
    },
    "node_modules/simdle-universal": {
      "version": "1.1.2",
      "license": "ISC",
      "dependencies": {
        "b4a": "^1.6.0"
      },
      "optionalDependencies": {
        "simdle-native": "^1.1.1"
      }
    },
    "node_modules/sloppy-module-parser": {
      "version": "2.0.0",
      "license": "Apache-2.0",
      "dependencies": {
        "cjs-module-lexer": "^1.2.3",
        "es-module-lexer": "^1.4.1"
      }
    },
    "node_modules/sodium-native": {
      "version": "4.1.1",
      "hasInstallScript": true,
      "license": "MIT",
      "dependencies": {
        "node-gyp-build": "^4.8.0"
      }
    },
    "node_modules/sodium-secretstream": {
      "version": "1.1.0",
      "license": "MIT",
      "dependencies": {
        "b4a": "^1.1.1",
        "sodium-universal": "^4.0.0"
      }
    },
    "node_modules/sodium-universal": {
      "version": "4.0.1",
      "license": "MIT",
      "dependencies": {
        "sodium-native": "^4.0.0"
      },
      "peerDependencies": {
        "sodium-javascript": "~0.8.0"
      },
      "peerDependenciesMeta": {
        "sodium-javascript": {
          "optional": true
        }
      }
    },
    "node_modules/streamx": {
      "version": "2.18.0",
      "license": "MIT",
      "dependencies": {
        "fast-fifo": "^1.3.2",
        "queue-tick": "^1.0.1",
        "text-decoder": "^1.1.0"
      },
      "optionalDependencies": {
        "bare-events": "^2.2.0"
      }
    },
    "node_modules/sub-encoder": {
      "version": "2.1.3",
      "license": "Apache-2.0",
      "dependencies": {
        "b4a": "^1.6.0",
        "codecs": "^3.1.0"
      }
    },
    "node_modules/text-decoder": {
      "version": "1.1.0",
      "license": "Apache-2.0",
      "dependencies": {
        "b4a": "^1.6.4"
      }
    },
    "node_modules/time-ordered-set": {
      "version": "1.0.2",
      "license": "MIT"
    },
    "node_modules/timeout-refresh": {
      "version": "2.0.1",
      "license": "MIT"
    },
    "node_modules/udx-native": {
      "version": "1.10.3",
      "hasInstallScript": true,
      "license": "Apache-2.0",
      "dependencies": {
        "b4a": "^1.5.0",
        "bare-events": "^2.2.0",
        "napi-macros": "^2.0.0",
        "node-gyp-build": "^4.4.0",
        "streamx": "^2.14.0"
      }
    },
    "node_modules/undici-types": {
      "version": "5.26.5",
      "dev": true,
      "license": "MIT"
    },
    "node_modules/unix-path-resolve": {
      "version": "1.0.2",
      "license": "MIT"
    },
    "node_modules/unordered-set": {
      "version": "2.0.1",
      "license": "MIT"
    },
    "node_modules/unslab": {
      "version": "1.2.0",
      "license": "Apache-2.0",
      "dependencies": {
        "b4a": "^1.6.6"
      }
    },
    "node_modules/url-file-url": {
      "version": "1.0.2",
      "license": "Apache-2.0",
      "dependencies": {
        "which-runtime": "^1.2.0"
      }
    },
    "node_modules/varint": {
      "version": "5.0.0",
      "license": "MIT"
    },
    "node_modules/which-runtime": {
      "version": "1.2.0",
      "license": "Apache-2.0"
    },
    "node_modules/xache": {
      "version": "1.2.1",
      "license": "MIT"
    },
    "node_modules/z32": {
      "version": "1.1.0",
      "license": "MIT",
      "dependencies": {
        "b4a": "^1.5.3"
      }
    }
  }
}
